
Microsoft Visual Studio Solution File, Format Version 12.00
# Visual Studio 15
VisualStudioVersion = 15.0.28010.2036
MinimumVisualStudioVersion = 10.0.40219.1
Project("{FAE04EC0-301F-11D3-BF4B-00C04F79EFBC}") = "HelloWorldAppvs", "HelloWorldAppvs\HelloWorldAppvs.csproj", "{29C8CE14-0A03-4F7B-B21D-12C38D8B78CB}"
EndProject
Global
	GlobalSection(SolutionConfigurationPlatforms) = preSolution
		Debug|Any CPU = Debug|Any CPU
		Release|Any CPU = Release|Any CPU
	EndGlobalSection
	GlobalSection(ProjectConfigurationPlatforms) = postSolution
		{29C8CE14-0A03-4F7B-B21D-12C38D8B78CB}.Debug|Any CPU.ActiveCfg = Debug|Any CPU
		{29C8CE14-0A03-4F7B-B21D-12C38D8B78CB}.Debug|Any CPU.Build.0 = Debug|Any CPU
		{29C8CE14-0A03-4F7B-B21D-12C38D8B78CB}.Release|Any CPU.ActiveCfg = Release|Any CPU
		{29C8CE14-0A03-4F7B-B21D-12C38D8B78CB}.Release|Any CPU.Build.0 = Release|Any CPU
	EndGlobalSection
	GlobalSection(SolutionProperties) = preSolution
		HideSolutionNode = FALSE
	EndGlobalSection
	GlobalSection(ExtensibilityGlobals) = postSolution
		SolutionGuid = {AB19434D-297F-4B46-8264-A1F0DAED78E3}
	EndGlobalSection
EndGlobal
